// !$*UTF8*$!
{
	archiveVersion = 1;
	classes = {
	};
	objectVersion = 56;
	objects = {

/* Begin PBXBuildFile section */
		DB240E3E2CF06E970021CFA4 /* DocumentTableViewController.swift in Sources */ = {isa = PBXBuildFile; fileRef = DBF452352CEB4628007C64A7 /* DocumentTableViewController.swift */; };
		DBF4521F2CEB317F007C64A7 /* AppDelegate.swift in Sources */ = {isa = PBXBuildFile; fileRef = DBF4521E2CEB317F007C64A7 /* AppDelegate.swift */; };
		DBF452212CEB317F007C64A7 /* SceneDelegate.swift in Sources */ = {isa = PBXBuildFile; fileRef = DBF452202CEB317F007C64A7 /* SceneDelegate.swift */; };
		DBF452232CEB317F007C64A7 /* ViewController.swift in Sources */ = {isa = PBXBuildFile; fileRef = DBF452222CEB317F007C64A7 /* ViewController.swift */; };
		DBF452262CEB317F007C64A7 /* Main.storyboard in Resources */ = {isa = PBXBuildFile; fileRef = DBF452242CEB317F007C64A7 /* Main.storyboard */; };
		DBF452282CEB3181007C64A7 /* Assets.xcassets in Resources */ = {isa = PBXBuildFile; fileRef = DBF452272CEB3181007C64A7 /* Assets.xcassets */; };
		DBF4522B2CEB3181007C64A7 /* LaunchScreen.storyboard in Resources */ = {isa = PBXBuildFile; fileRef = DBF452292CEB3181007C64A7 /* LaunchScreen.storyboard */; };
		DBF452442CEB7CB9007C64A7 /* DocumentViewController.swift in Sources */ = {isa = PBXBuildFile; fileRef = DBF452432CEB7CB9007C64A7 /* DocumentViewController.swift */; };
		DBF452592CEB8BDE007C64A7 /* Audi.jpg in Resources */ = {isa = PBXBuildFile; fileRef = DBF452452CEB8BB6007C64A7 /* Audi.jpg */; };
		DBF4525A2CEB8BDE007C64A7 /* GTR.jpg in Resources */ = {isa = PBXBuildFile; fileRef = DBF452462CEB8BB7007C64A7 /* GTR.jpg */; };
		DBF4525B2CEB8BDE007C64A7 /* M5Comp.jpg in Resources */ = {isa = PBXBuildFile; fileRef = DBF452472CEB8BB8007C64A7 /* M5Comp.jpg */; };
		DBF4525C2CEB8BDE007C64A7 /* Chevy.jpg in Resources */ = {isa = PBXBuildFile; fileRef = DBF452482CEB8BBB007C64A7 /* Chevy.jpg */; };
		DBF4525D2CEB8BDE007C64A7 /* GT2RS.jpg in Resources */ = {isa = PBXBuildFile; fileRef = DBF452492CEB8BBC007C64A7 /* GT2RS.jpg */; };
		DBF4525E2CEB8BDE007C64A7 /* LamborginiSTO.jpg in Resources */ = {isa = PBXBuildFile; fileRef = DBF4524A2CEB8BBE007C64A7 /* LamborginiSTO.jpg */; };
		DBF4525F2CEB8BDE007C64A7 /* LamborginiHurican.jpg in Resources */ = {isa = PBXBuildFile; fileRef = DBF4524B2CEB8BC0007C64A7 /* LamborginiHurican.jpg */; };
		DBF452602CEB8BDE007C64A7 /* FerrariEngine.jpg in Resources */ = {isa = PBXBuildFile; fileRef = DBF4524C2CEB8BC2007C64A7 /* FerrariEngine.jpg */; };
		DBF452612CEB8BDE007C64A7 /* LamborginiDiabloGTR.jpg in Resources */ = {isa = PBXBuildFile; fileRef = DBF4524D2CEB8BC5007C64A7 /* LamborginiDiabloGTR.jpg */; };
		DBF452622CEB8BDE007C64A7 /* Mustang_Small.jpg in Resources */ = {isa = PBXBuildFile; fileRef = DBF4524E2CEB8BC7007C64A7 /* Mustang_Small.jpg */; };
		DBF452632CEB8BDE007C64A7 /* Mitsubishi.jpg in Resources */ = {isa = PBXBuildFile; fileRef = DBF4524F2CEB8BCA007C64A7 /* Mitsubishi.jpg */; };
		DBF452642CEB8BDE007C64A7 /* Toyotaa.jpg in Resources */ = {isa = PBXBuildFile; fileRef = DBF452502CEB8BCD007C64A7 /* Toyotaa.jpg */; };
		DBF452652CEB8BDE007C64A7 /* GT3RS.jpg in Resources */ = {isa = PBXBuildFile; fileRef = DBF452512CEB8BD1007C64A7 /* GT3RS.jpg */; };
		DBF452662CEB8BDE007C64A7 /* GTR_Skyline.jpg in Resources */ = {isa = PBXBuildFile; fileRef = DBF452522CEB8BD3007C64A7 /* GTR_Skyline.jpg */; };
		DBF452672CEB8BDE007C64A7 /* CustomGTR.jpg in Resources */ = {isa = PBXBuildFile; fileRef = DBF452532CEB8BD4007C64A7 /* CustomGTR.jpg */; };
		DBF452682CEB8BDE007C64A7 /* SUPRAAA.jpg in Resources */ = {isa = PBXBuildFile; fileRef = DBF452542CEB8BD7007C64A7 /* SUPRAAA.jpg */; };
		DBF452692CEB8BDE007C64A7 /* Taxi.jpg in Resources */ = {isa = PBXBuildFile; fileRef = DBF452552CEB8BD9007C64A7 /* Taxi.jpg */; };
		DBF4526A2CEB8BDE007C64A7 /* Viper.jpg in Resources */ = {isa = PBXBuildFile; fileRef = DBF452562CEB8BDB007C64A7 /* Viper.jpg */; };
		DBF4526B2CEB8BDE007C64A7 /* ShelbyCobra.jpg in Resources */ = {isa = PBXBuildFile; fileRef = DBF452572CEB8BDD007C64A7 /* ShelbyCobra.jpg */; };
		DBF4526C2CEB8BDE007C64A7 /* M5MatteBlack.jpg in Resources */ = {isa = PBXBuildFile; fileRef = DBF452582CEB8BDE007C64A7 /* M5MatteBlack.jpg */; };
/* End PBXBuildFile section */

/* Begin PBXFileReference section */
		DBF4521B2CEB317F007C64A7 /* Car Pictures.app */ = {isa = PBXFileReference; explicitFileType = wrapper.application; includeInIndex = 0; path = "Car Pictures.app"; sourceTree = BUILT_PRODUCTS_DIR; };
		DBF4521E2CEB317F007C64A7 /* AppDelegate.swift */ = {isa = PBXFileReference; lastKnownFileType = sourcecode.swift; path = AppDelegate.swift; sourceTree = "<group>"; };
		DBF452202CEB317F007C64A7 /* SceneDelegate.swift */ = {isa = PBXFileReference; lastKnownFileType = sourcecode.swift; path = SceneDelegate.swift; sourceTree = "<group>"; };
		DBF452222CEB317F007C64A7 /* ViewController.swift */ = {isa = PBXFileReference; lastKnownFileType = sourcecode.swift; path = ViewController.swift; sourceTree = "<group>"; };
		DBF452252CEB317F007C64A7 /* Base */ = {isa = PBXFileReference; lastKnownFileType = file.storyboard; name = Base; path = Base.lproj/Main.storyboard; sourceTree = "<group>"; };
		DBF452272CEB3181007C64A7 /* Assets.xcassets */ = {isa = PBXFileReference; lastKnownFileType = folder.assetcatalog; path = Assets.xcassets; sourceTree = "<group>"; };
		DBF4522A2CEB3181007C64A7 /* Base */ = {isa = PBXFileReference; lastKnownFileType = file.storyboard; name = Base; path = Base.lproj/LaunchScreen.storyboard; sourceTree = "<group>"; };
		DBF4522C2CEB3181007C64A7 /* Info.plist */ = {isa = PBXFileReference; lastKnownFileType = text.plist.xml; path = Info.plist; sourceTree = "<group>"; };
		DBF452322CEB333A007C64A7 /* Answers.md */ = {isa = PBXFileReference; lastKnownFileType = net.daringfireball.markdown; path = Answers.md; sourceTree = "<group>"; };
		DBF452352CEB4628007C64A7 /* DocumentTableViewController.swift */ = {isa = PBXFileReference; lastKnownFileType = sourcecode.swift; path = DocumentTableViewController.swift; sourceTree = "<group>"; wrapsLines = 1; };
		DBF452432CEB7CB9007C64A7 /* DocumentViewController.swift */ = {isa = PBXFileReference; lastKnownFileType = sourcecode.swift; path = DocumentViewController.swift; sourceTree = "<group>"; };
		DBF452452CEB8BB6007C64A7 /* Audi.jpg */ = {isa = PBXFileReference; lastKnownFileType = image.jpeg; path = Audi.jpg; sourceTree = "<group>"; };
		DBF452462CEB8BB7007C64A7 /* GTR.jpg */ = {isa = PBXFileReference; lastKnownFileType = image.jpeg; path = GTR.jpg; sourceTree = "<group>"; };
		DBF452472CEB8BB8007C64A7 /* M5Comp.jpg */ = {isa = PBXFileReference; lastKnownFileType = image.jpeg; path = M5Comp.jpg; sourceTree = "<group>"; };
		DBF452482CEB8BBB007C64A7 /* Chevy.jpg */ = {isa = PBXFileReference; lastKnownFileType = image.jpeg; path = Chevy.jpg; sourceTree = "<group>"; };
		DBF452492CEB8BBC007C64A7 /* GT2RS.jpg */ = {isa = PBXFileReference; lastKnownFileType = image.jpeg; path = GT2RS.jpg; sourceTree = "<group>"; };
		DBF4524A2CEB8BBE007C64A7 /* LamborginiSTO.jpg */ = {isa = PBXFileReference; lastKnownFileType = image.jpeg; path = LamborginiSTO.jpg; sourceTree = "<group>"; };
		DBF4524B2CEB8BC0007C64A7 /* LamborginiHurican.jpg */ = {isa = PBXFileReference; lastKnownFileType = image.jpeg; path = LamborginiHurican.jpg; sourceTree = "<group>"; };
		DBF4524C2CEB8BC2007C64A7 /* FerrariEngine.jpg */ = {isa = PBXFileReference; lastKnownFileType = image.jpeg; path = FerrariEngine.jpg; sourceTree = "<group>"; };
		DBF4524D2CEB8BC5007C64A7 /* LamborginiDiabloGTR.jpg */ = {isa = PBXFileReference; lastKnownFileType = image.jpeg; path = LamborginiDiabloGTR.jpg; sourceTree = "<group>"; };
		DBF4524E2CEB8BC7007C64A7 /* Mustang_Small.jpg */ = {isa = PBXFileReference; lastKnownFileType = image.jpeg; path = Mustang_Small.jpg; sourceTree = "<group>"; };
		DBF4524F2CEB8BCA007C64A7 /* Mitsubishi.jpg */ = {isa = PBXFileReference; lastKnownFileType = image.jpeg; path = Mitsubishi.jpg; sourceTree = "<group>"; };
		DBF452502CEB8BCD007C64A7 /* Toyotaa.jpg */ = {isa = PBXFileReference; lastKnownFileType = image.jpeg; path = Toyotaa.jpg; sourceTree = "<group>"; };
		DBF452512CEB8BD1007C64A7 /* GT3RS.jpg */ = {isa = PBXFileReference; lastKnownFileType = image.jpeg; path = GT3RS.jpg; sourceTree = "<group>"; };
		DBF452522CEB8BD3007C64A7 /* GTR_Skyline.jpg */ = {isa = PBXFileReference; lastKnownFileType = image.jpeg; path = GTR_Skyline.jpg; sourceTree = "<group>"; };
		DBF452532CEB8BD4007C64A7 /* CustomGTR.jpg */ = {isa = PBXFileReference; lastKnownFileType = image.jpeg; path = CustomGTR.jpg; sourceTree = "<group>"; };
		DBF452542CEB8BD7007C64A7 /* SUPRAAA.jpg */ = {isa = PBXFileReference; lastKnownFileType = image.jpeg; path = SUPRAAA.jpg; sourceTree = "<group>"; };
		DBF452552CEB8BD9007C64A7 /* Taxi.jpg */ = {isa = PBXFileReference; lastKnownFileType = image.jpeg; path = Taxi.jpg; sourceTree = "<group>"; };
		DBF452562CEB8BDB007C64A7 /* Viper.jpg */ = {isa = PBXFileReference; lastKnownFileType = image.jpeg; path = Viper.jpg; sourceTree = "<group>"; };
		DBF452572CEB8BDD007C64A7 /* ShelbyCobra.jpg */ = {isa = PBXFileReference; lastKnownFileType = image.jpeg; path = ShelbyCobra.jpg; sourceTree = "<group>"; };
		DBF452582CEB8BDE007C64A7 /* M5MatteBlack.jpg */ = {isa = PBXFileReference; lastKnownFileType = image.jpeg; path = M5MatteBlack.jpg; sourceTree = "<group>"; };
/* End PBXFileReference section */

/* Begin PBXFrameworksBuildPhase section */
		DBF452182CEB317F007C64A7 /* Frameworks */ = {
			isa = PBXFrameworksBuildPhase;
			buildActionMask = 2147483647;
			files = (
			);
			runOnlyForDeploymentPostprocessing = 0;
		};
/* End PBXFrameworksBuildPhase section */

/* Begin PBXGroup section */
		DBF452122CEB317F007C64A7 = {
			isa = PBXGroup;
			children = (
				DBF4521D2CEB317F007C64A7 /* Document App */,
				DBF4521C2CEB317F007C64A7 /* Products */,
			);
			sourceTree = "<group>";
		};
		DBF4521C2CEB317F007C64A7 /* Products */ = {
			isa = PBXGroup;
			children = (
				DBF4521B2CEB317F007C64A7 /* Car Pictures.app */,
			);
			name = Products;
			sourceTree = "<group>";
		};
		DBF4521D2CEB317F007C64A7 /* Document App */ = {
			isa = PBXGroup;
			children = (
				DBF4521E2CEB317F007C64A7 /* AppDelegate.swift */,
				DBF452202CEB317F007C64A7 /* SceneDelegate.swift */,
				DBF452222CEB317F007C64A7 /* ViewController.swift */,
				DBF452242CEB317F007C64A7 /* Main.storyboard */,
				DBF452352CEB4628007C64A7 /* DocumentTableViewController.swift */,
				DBF452272CEB3181007C64A7 /* Assets.xcassets */,
				DBF452292CEB3181007C64A7 /* LaunchScreen.storyboard */,
				DBF4522C2CEB3181007C64A7 /* Info.plist */,
				DBF452322CEB333A007C64A7 /* Answers.md */,
				DBF452432CEB7CB9007C64A7 /* DocumentViewController.swift */,
				DBF452562CEB8BDB007C64A7 /* Viper.jpg */,
				DBF452502CEB8BCD007C64A7 /* Toyotaa.jpg */,
				DBF452512CEB8BD1007C64A7 /* GT3RS.jpg */,
				DBF452532CEB8BD4007C64A7 /* CustomGTR.jpg */,
				DBF452582CEB8BDE007C64A7 /* M5MatteBlack.jpg */,
				DBF4524F2CEB8BCA007C64A7 /* Mitsubishi.jpg */,
				DBF4524D2CEB8BC5007C64A7 /* LamborginiDiabloGTR.jpg */,
				DBF4524C2CEB8BC2007C64A7 /* FerrariEngine.jpg */,
				DBF452572CEB8BDD007C64A7 /* ShelbyCobra.jpg */,
				DBF452482CEB8BBB007C64A7 /* Chevy.jpg */,
				DBF4524B2CEB8BC0007C64A7 /* LamborginiHurican.jpg */,
				DBF452452CEB8BB6007C64A7 /* Audi.jpg */,
				DBF4524E2CEB8BC7007C64A7 /* Mustang_Small.jpg */,
				DBF452492CEB8BBC007C64A7 /* GT2RS.jpg */,
				DBF4524A2CEB8BBE007C64A7 /* LamborginiSTO.jpg */,
				DBF452522CEB8BD3007C64A7 /* GTR_Skyline.jpg */,
				DBF452462CEB8BB7007C64A7 /* GTR.jpg */,
				DBF452472CEB8BB8007C64A7 /* M5Comp.jpg */,
				DBF452542CEB8BD7007C64A7 /* SUPRAAA.jpg */,
				DBF452552CEB8BD9007C64A7 /* Taxi.jpg */,
			);
			path = "Document App";
			sourceTree = "<group>";
		};
/* End PBXGroup section */

/* Begin PBXNativeTarget section */
		DBF4521A2CEB317F007C64A7 /* Car Pictures */ = {
			isa = PBXNativeTarget;
			buildConfigurationList = DBF4522F2CEB3181007C64A7 /* Build configuration list for PBXNativeTarget "Car Pictures" */;
			buildPhases = (
				DBF452172CEB317F007C64A7 /* Sources */,
				DBF452182CEB317F007C64A7 /* Frameworks */,
				DBF452192CEB317F007C64A7 /* Resources */,
			);
			buildRules = (
			);
			dependencies = (
			);
			name = "Car Pictures";
			productName = "Document App";
			productReference = DBF4521B2CEB317F007C64A7 /* Car Pictures.app */;
			productType = "com.apple.product-type.application";
		};
/* End PBXNativeTarget section */

/* Begin PBXProject section */
		DBF452132CEB317F007C64A7 /* Project object */ = {
			isa = PBXProject;
			attributes = {
				BuildIndependentTargetsInParallel = 1;
				LastSwiftUpdateCheck = 1500;
				LastUpgradeCheck = 1500;
				TargetAttributes = {
					DBF4521A2CEB317F007C64A7 = {
						CreatedOnToolsVersion = 15.0.1;
					};
				};
			};
			buildConfigurationList = DBF452162CEB317F007C64A7 /* Build configuration list for PBXProject "Car Pictures" */;
			compatibilityVersion = "Xcode 14.0";
			developmentRegion = en;
			hasScannedForEncodings = 0;
			knownRegions = (
				en,
				Base,
			);
			mainGroup = DBF452122CEB317F007C64A7;
			productRefGroup = DBF4521C2CEB317F007C64A7 /* Products */;
			projectDirPath = "";
			projectRoot = "";
			targets = (
				DBF4521A2CEB317F007C64A7 /* Car Pictures */,
			);
		};
/* End PBXProject section */

/* Begin PBXResourcesBuildPhase section */
		DBF452192CEB317F007C64A7 /* Resources */ = {
			isa = PBXResourcesBuildPhase;
			buildActionMask = 2147483647;
			files = (
				DBF452592CEB8BDE007C64A7 /* Audi.jpg in Resources */,
				DBF4526C2CEB8BDE007C64A7 /* M5MatteBlack.jpg in Resources */,
				DBF4526A2CEB8BDE007C64A7 /* Viper.jpg in Resources */,
				DBF4522B2CEB3181007C64A7 /* LaunchScreen.storyboard in Resources */,
				DBF452692CEB8BDE007C64A7 /* Taxi.jpg in Resources */,
				DBF452282CEB3181007C64A7 /* Assets.xcassets in Resources */,
				DBF452262CEB317F007C64A7 /* Main.storyboard in Resources */,
				DBF452602CEB8BDE007C64A7 /* FerrariEngine.jpg in Resources */,
				DBF452682CEB8BDE007C64A7 /* SUPRAAA.jpg in Resources */,
				DBF452672CEB8BDE007C64A7 /* CustomGTR.jpg in Resources */,
				DBF4525E2CEB8BDE007C64A7 /* LamborginiSTO.jpg in Resources */,
				DBF4525F2CEB8BDE007C64A7 /* LamborginiHurican.jpg in Resources */,
				DBF4526B2CEB8BDE007C64A7 /* ShelbyCobra.jpg in Resources */,
				DBF4525C2CEB8BDE007C64A7 /* Chevy.jpg in Resources */,
				DBF452632CEB8BDE007C64A7 /* Mitsubishi.jpg in Resources */,
				DBF452652CEB8BDE007C64A7 /* GT3RS.jpg in Resources */,
				DBF452622CEB8BDE007C64A7 /* Mustang_Small.jpg in Resources */,
				DBF4525A2CEB8BDE007C64A7 /* GTR.jpg in Resources */,
				DBF452642CEB8BDE007C64A7 /* Toyotaa.jpg in Resources */,
				DBF452612CEB8BDE007C64A7 /* LamborginiDiabloGTR.jpg in Resources */,
				DBF4525D2CEB8BDE007C64A7 /* GT2RS.jpg in Resources */,
				DBF452662CEB8BDE007C64A7 /* GTR_Skyline.jpg in Resources */,
				DBF4525B2CEB8BDE007C64A7 /* M5Comp.jpg in Resources */,
			);
			runOnlyForDeploymentPostprocessing = 0;
		};
/* End PBXResourcesBuildPhase section */

/* Begin PBXSourcesBuildPhase section */
		DBF452172CEB317F007C64A7 /* Sources */ = {
			isa = PBXSourcesBuildPhase;
			buildActionMask = 2147483647;
			files = (
				DB240E3E2CF06E970021CFA4 /* DocumentTableViewController.swift in Sources */,
				DBF452442CEB7CB9007C64A7 /* DocumentViewController.swift in Sources */,
				DBF452232CEB317F007C64A7 /* ViewController.swift in Sources */,
				DBF4521F2CEB317F007C64A7 /* AppDelegate.swift in Sources */,
				DBF452212CEB317F007C64A7 /* SceneDelegate.swift in Sources */,
			);
			runOnlyForDeploymentPostprocessing = 0;
		};
/* End PBXSourcesBuildPhase section */

/* Begin PBXVariantGroup section */
		DBF452242CEB317F007C64A7 /* Main.storyboard */ = {
			isa = PBXVariantGroup;
			children = (
				DBF452252CEB317F007C64A7 /* Base */,
			);
			name = Main.storyboard;
			sourceTree = "<group>";
		};
		DBF452292CEB3181007C64A7 /* LaunchScreen.storyboard */ = {
			isa = PBXVariantGroup;
			children = (
				DBF4522A2CEB3181007C64A7 /* Base */,
			);
			name = LaunchScreen.storyboard;
			sourceTree = "<group>";
		};
/* End PBXVariantGroup section */

/* Begin XCBuildConfiguration section */
		DBF4522D2CEB3181007C64A7 /* Debug */ = {
			isa = XCBuildConfiguration;
			buildSettings = {
				ALWAYS_SEARCH_USER_PATHS = NO;
				ASSETCATALOG_COMPILER_GENERATE_SWIFT_ASSET_SYMBOL_EXTENSIONS = YES;
				CLANG_ANALYZER_NONNULL = YES;
				CLANG_ANALYZER_NUMBER_OBJECT_CONVERSION = YES_AGGRESSIVE;
				CLANG_CXX_LANGUAGE_STANDARD = "gnu++20";
				CLANG_ENABLE_MODULES = YES;
				CLANG_ENABLE_OBJC_ARC = YES;
				CLANG_ENABLE_OBJC_WEAK = YES;
				CLANG_WARN_BLOCK_CAPTURE_AUTORELEASING = YES;
				CLANG_WARN_BOOL_CONVERSION = YES;
				CLANG_WARN_COMMA = YES;
				CLANG_WARN_CONSTANT_CONVERSION = YES;
				CLANG_WARN_DEPRECATED_OBJC_IMPLEMENTATIONS = YES;
				CLANG_WARN_DIRECT_OBJC_ISA_USAGE = YES_ERROR;
				CLANG_WARN_DOCUMENTATION_COMMENTS = YES;
				CLANG_WARN_EMPTY_BODY = YES;
				CLANG_WARN_ENUM_CONVERSION = YES;
				CLANG_WARN_INFINITE_RECURSION = YES;
				CLANG_WARN_INT_CONVERSION = YES;
				CLANG_WARN_NON_LITERAL_NULL_CONVERSION = YES;
				CLANG_WARN_OBJC_IMPLICIT_RETAIN_SELF = YES;
				CLANG_WARN_OBJC_LITERAL_CONVERSION = YES;
				CLANG_WARN_OBJC_ROOT_CLASS = YES_ERROR;
				CLANG_WARN_QUOTED_INCLUDE_IN_FRAMEWORK_HEADER = YES;
				CLANG_WARN_RANGE_LOOP_ANALYSIS = YES;
				CLANG_WARN_STRICT_PROTOTYPES = YES;
				CLANG_WARN_SUSPICIOUS_MOVE = YES;
				CLANG_WARN_UNGUARDED_AVAILABILITY = YES_AGGRESSIVE;
				CLANG_WARN_UNREACHABLE_CODE = YES;
				CLANG_WARN__DUPLICATE_METHOD_MATCH = YES;
				COPY_PHASE_STRIP = NO;
				DEBUG_INFORMATION_FORMAT = dwarf;
				ENABLE_STRICT_OBJC_MSGSEND = YES;
				ENABLE_TESTABILITY = YES;
				ENABLE_USER_SCRIPT_SANDBOXING = YES;
				GCC_C_LANGUAGE_STANDARD = gnu17;
				GCC_DYNAMIC_NO_PIC = NO;
				GCC_NO_COMMON_BLOCKS = YES;
				GCC_OPTIMIZATION_LEVEL = 0;
				GCC_PREPROCESSOR_DEFINITIONS = (
					"DEBUG=1",
					"$(inherited)",
				);
				GCC_WARN_64_TO_32_BIT_CONVERSION = YES;
				GCC_WARN_ABOUT_RETURN_TYPE = YES_ERROR;
				GCC_WARN_UNDECLARED_SELECTOR = YES;
				GCC_WARN_UNINITIALIZED_AUTOS = YES_AGGRESSIVE;
				GCC_WARN_UNUSED_FUNCTION = YES;
				GCC_WARN_UNUSED_VARIABLE = YES;
				IPHONEOS_DEPLOYMENT_TARGET = 17.0;
				LOCALIZATION_PREFERS_STRING_CATALOGS = YES;
				MTL_ENABLE_DEBUG_INFO = INCLUDE_SOURCE;
				MTL_FAST_MATH = YES;
				ONLY_ACTIVE_ARCH = YES;
				SDKROOT = iphoneos;
				SWIFT_ACTIVE_COMPILATION_CONDITIONS = "DEBUG $(inherited)";
				SWIFT_OPTIMIZATION_LEVEL = "-Onone";
			};
			name = Debug;
		};
		DBF4522E2CEB3181007C64A7 /* Release */ = {
			isa = XCBuildConfiguration;
			buildSettings = {
				ALWAYS_SEARCH_USER_PATHS = NO;
				ASSETCATALOG_COMPILER_GENERATE_SWIFT_ASSET_SYMBOL_EXTENSIONS = YES;
				CLANG_ANALYZER_NONNULL = YES;
				CLANG_ANALYZER_NUMBER_OBJECT_CONVERSION = YES_AGGRESSIVE;
				CLANG_CXX_LANGUAGE_STANDARD = "gnu++20";
				CLANG_ENABLE_MODULES = YES;
				CLANG_ENABLE_OBJC_ARC = YES;
				CLANG_ENABLE_OBJC_WEAK = YES;
				CLANG_WARN_BLOCK_CAPTURE_AUTORELEASING = YES;
				CLANG_WARN_BOOL_CONVERSION = YES;
				CLANG_WARN_COMMA = YES;
				CLANG_WARN_CONSTANT_CONVERSION = YES;
				CLANG_WARN_DEPRECATED_OBJC_IMPLEMENTATIONS = YES;
				CLANG_WARN_DIRECT_OBJC_ISA_USAGE = YES_ERROR;
				CLANG_WARN_DOCUMENTATION_COMMENTS = YES;
				CLANG_WARN_EMPTY_BODY = YES;
				CLANG_WARN_ENUM_CONVERSION = YES;
				CLANG_WARN_INFINITE_RECURSION = YES;
				CLANG_WARN_INT_CONVERSION = YES;
				CLANG_WARN_NON_LITERAL_NULL_CONVERSION = YES;
				CLANG_WARN_OBJC_IMPLICIT_RETAIN_SELF = YES;
				CLANG_WARN_OBJC_LITERAL_CONVERSION = YES;
				CLANG_WARN_OBJC_ROOT_CLASS = YES_ERROR;
				CLANG_WARN_QUOTED_INCLUDE_IN_FRAMEWORK_HEADER = YES;
				CLANG_WARN_RANGE_LOOP_ANALYSIS = YES;
				CLANG_WARN_STRICT_PROTOTYPES = YES;
				CLANG_WARN_SUSPICIOUS_MOVE = YES;
				CLANG_WARN_UNGUARDED_AVAILABILITY = YES_AGGRESSIVE;
				CLANG_WARN_UNREACHABLE_CODE = YES;
				CLANG_WARN__DUPLICATE_METHOD_MATCH = YES;
				COPY_PHASE_STRIP = NO;
				DEBUG_INFORMATION_FORMAT = "dwarf-with-dsym";
				ENABLE_NS_ASSERTIONS = NO;
				ENABLE_STRICT_OBJC_MSGSEND = YES;
				ENABLE_USER_SCRIPT_SANDBOXING = YES;
				GCC_C_LANGUAGE_STANDARD = gnu17;
				GCC_NO_COMMON_BLOCKS = YES;
				GCC_WARN_64_TO_32_BIT_CONVERSION = YES;
				GCC_WARN_ABOUT_RETURN_TYPE = YES_ERROR;
				GCC_WARN_UNDECLARED_SELECTOR = YES;
				GCC_WARN_UNINITIALIZED_AUTOS = YES_AGGRESSIVE;
				GCC_WARN_UNUSED_FUNCTION = YES;
				GCC_WARN_UNUSED_VARIABLE = YES;
				IPHONEOS_DEPLOYMENT_TARGET = 17.0;
				LOCALIZATION_PREFERS_STRING_CATALOGS = YES;
				MTL_ENABLE_DEBUG_INFO = NO;
				MTL_FAST_MATH = YES;
				SDKROOT = iphoneos;
				SWIFT_COMPILATION_MODE = wholemodule;
				VALIDATE_PRODUCT = YES;
			};
			name = Release;
		};
		DBF452302CEB3181007C64A7 /* Debug */ = {
			isa = XCBuildConfiguration;
			buildSettings = {
				ASSETCATALOG_COMPILER_APPICON_NAME = AppIcon;
				ASSETCATALOG_COMPILER_GLOBAL_ACCENT_COLOR_NAME = AccentColor;
				CODE_SIGN_STYLE = Automatic;
				CURRENT_PROJECT_VERSION = 1;
				GENERATE_INFOPLIST_FILE = YES;
				INFOPLIST_FILE = "Document App/Info.plist";
				INFOPLIST_KEY_UIApplicationSupportsIndirectInputEvents = YES;
				INFOPLIST_KEY_UILaunchStoryboardName = LaunchScreen;
				INFOPLIST_KEY_UIMainStoryboardFile = Main;
				INFOPLIST_KEY_UISupportedInterfaceOrientations_iPad = "UIInterfaceOrientationPortrait UIInterfaceOrientationPortraitUpsideDown UIInterfaceOrientationLandscapeLeft UIInterfaceOrientationLandscapeRight";
				INFOPLIST_KEY_UISupportedInterfaceOrientations_iPhone = "UIInterfaceOrientationPortrait UIInterfaceOrientationLandscapeLeft UIInterfaceOrientationLandscapeRight";
				LD_RUNPATH_SEARCH_PATHS = (
					"$(inherited)",
					"@executable_path/Frameworks",
				);
				MARKETING_VERSION = 1.0;
				PRODUCT_BUNDLE_IDENTIFIER = "purdyj.Document-App";
				PRODUCT_NAME = "$(TARGET_NAME)";
				SWIFT_EMIT_LOC_STRINGS = YES;
				SWIFT_VERSION = 5.0;
				TARGETED_DEVICE_FAMILY = "1,2";
			};
			name = Debug;
		};
		DBF452312CEB3181007C64A7 /* Release */ = {
			isa = XCBuildConfiguration;
			buildSettings = {
				ASSETCATALOG_COMPILER_APPICON_NAME = AppIcon;
				ASSETCATALOG_COMPILER_GLOBAL_ACCENT_COLOR_NAME = AccentColor;
				CODE_SIGN_STYLE = Automatic;
				CURRENT_PROJECT_VERSION = 1;
				GENERATE_INFOPLIST_FILE = YES;
				INFOPLIST_FILE = "Document App/Info.plist";
				INFOPLIST_KEY_UIApplicationSupportsIndirectInputEvents = YES;
				INFOPLIST_KEY_UILaunchStoryboardName = LaunchScreen;
				INFOPLIST_KEY_UIMainStoryboardFile = Main;
				INFOPLIST_KEY_UISupportedInterfaceOrientations_iPad = "UIInterfaceOrientationPortrait UIInterfaceOrientationPortraitUpsideDown UIInterfaceOrientationLandscapeLeft UIInterfaceOrientationLandscapeRight";
				INFOPLIST_KEY_UISupportedInterfaceOrientations_iPhone = "UIInterfaceOrientationPortrait UIInterfaceOrientationLandscapeLeft UIInterfaceOrientationLandscapeRight";
				LD_RUNPATH_SEARCH_PATHS = (
					"$(inherited)",
					"@executable_path/Frameworks",
				);
				MARKETING_VERSION = 1.0;
				PRODUCT_BUNDLE_IDENTIFIER = "purdyj.Document-App";
				PRODUCT_NAME = "$(TARGET_NAME)";
				SWIFT_EMIT_LOC_STRINGS = YES;
				SWIFT_VERSION = 5.0;
				TARGETED_DEVICE_FAMILY = "1,2";
			};
			name = Release;
		};
/* End XCBuildConfiguration section */

/* Begin XCConfigurationList section */
		DBF452162CEB317F007C64A7 /* Build configuration list for PBXProject "Car Pictures" */ = {
			isa = XCConfigurationList;
			buildConfigurations = (
				DBF4522D2CEB3181007C64A7 /* Debug */,
				DBF4522E2CEB3181007C64A7 /* Release */,
			);
			defaultConfigurationIsVisible = 0;
			defaultConfigurationName = Release;
		};
		DBF4522F2CEB3181007C64A7 /* Build configuration list for PBXNativeTarget "Car Pictures" */ = {
			isa = XCConfigurationList;
			buildConfigurations = (
				DBF452302CEB3181007C64A7 /* Debug */,
				DBF452312CEB3181007C64A7 /* Release */,
			);
			defaultConfigurationIsVisible = 0;
			defaultConfigurationName = Release;
		};
/* End XCConfigurationList section */
	};
	rootObject = DBF452132CEB317F007C64A7 /* Project object */;
}
