// !$*UTF8*$!
{
	archiveVersion = 1;
	classes = {
	};
	objectVersion = 56;
	objects = {

/* Begin PBXBuildFile section */
		DBF4521F2CEB317F007C64A7 /* AppDelegate.swift in Sources */ = {isa = PBXBuildFile; fileRef = DBF4521E2CEB317F007C64A7 /* AppDelegate.swift */; };
		DBF452212CEB317F007C64A7 /* SceneDelegate.swift in Sources */ = {isa = PBXBuildFile; fileRef = DBF452202CEB317F007C64A7 /* SceneDelegate.swift */; };
		DBF452232CEB317F007C64A7 /* ViewController.swift in Sources */ = {isa = PBXBuildFile; fileRef = DBF452222CEB317F007C64A7 /* ViewController.swift */; };
		DBF452262CEB317F007C64A7 /* Main.storyboard in Resources */ = {isa = PBXBuildFile; fileRef = DBF452242CEB317F007C64A7 /* Main.storyboard */; };
		DBF452282CEB3181007C64A7 /* Assets.xcassets in Resources */ = {isa = PBXBuildFile; fileRef = DBF452272CEB3181007C64A7 /* Assets.xcassets */; };
		DBF4522B2CEB3181007C64A7 /* LaunchScreen.storyboard in Resources */ = {isa = PBXBuildFile; fileRef = DBF452292CEB3181007C64A7 /* LaunchScreen.storyboard */; };
		DBF452362CEB4628007C64A7 /* DocumentTableViewController.swift in Sources */ = {isa = PBXBuildFile; fileRef = DBF452352CEB4628007C64A7 /* DocumentTableViewController.swift */; };
		DBF4523B2CEB6DFF007C64A7 /* aston martin.jpg in Resources */ = {isa = PBXBuildFile; fileRef = DBF452372CEB6DFC007C64A7 /* aston martin.jpg */; };
		DBF4523C2CEB6DFF007C64A7 /* porsche.jpg in Resources */ = {isa = PBXBuildFile; fileRef = DBF452382CEB6DFD007C64A7 /* porsche.jpg */; };
		DBF4523D2CEB6DFF007C64A7 /* mustang.jpg in Resources */ = {isa = PBXBuildFile; fileRef = DBF452392CEB6DFE007C64A7 /* mustang.jpg */; };
		DBF4523E2CEB6DFF007C64A7 /* supra.jpg in Resources */ = {isa = PBXBuildFile; fileRef = DBF4523A2CEB6DFF007C64A7 /* supra.jpg */; };
		DBF452422CEB7090007C64A7 /* Ferrari.jpg in Resources */ = {isa = PBXBuildFile; fileRef = DBF452412CEB7090007C64A7 /* Ferrari.jpg */; };
		DBF452442CEB7CB9007C64A7 /* DocumentViewController.swift in Sources */ = {isa = PBXBuildFile; fileRef = DBF452432CEB7CB9007C64A7 /* DocumentViewController.swift */; };
/* End PBXBuildFile section */

/* Begin PBXFileReference section */
		DBF4521B2CEB317F007C64A7 /* Document App.app */ = {isa = PBXFileReference; explicitFileType = wrapper.application; includeInIndex = 0; path = "Document App.app"; sourceTree = BUILT_PRODUCTS_DIR; };
		DBF4521E2CEB317F007C64A7 /* AppDelegate.swift */ = {isa = PBXFileReference; lastKnownFileType = sourcecode.swift; path = AppDelegate.swift; sourceTree = "<group>"; };
		DBF452202CEB317F007C64A7 /* SceneDelegate.swift */ = {isa = PBXFileReference; lastKnownFileType = sourcecode.swift; path = SceneDelegate.swift; sourceTree = "<group>"; };
		DBF452222CEB317F007C64A7 /* ViewController.swift */ = {isa = PBXFileReference; lastKnownFileType = sourcecode.swift; path = ViewController.swift; sourceTree = "<group>"; };
		DBF452252CEB317F007C64A7 /* Base */ = {isa = PBXFileReference; lastKnownFileType = file.storyboard; name = Base; path = Base.lproj/Main.storyboard; sourceTree = "<group>"; };
		DBF452272CEB3181007C64A7 /* Assets.xcassets */ = {isa = PBXFileReference; lastKnownFileType = folder.assetcatalog; path = Assets.xcassets; sourceTree = "<group>"; };
		DBF4522A2CEB3181007C64A7 /* Base */ = {isa = PBXFileReference; lastKnownFileType = file.storyboard; name = Base; path = Base.lproj/LaunchScreen.storyboard; sourceTree = "<group>"; };
		DBF4522C2CEB3181007C64A7 /* Info.plist */ = {isa = PBXFileReference; lastKnownFileType = text.plist.xml; path = Info.plist; sourceTree = "<group>"; };
		DBF452322CEB333A007C64A7 /* Answers.md */ = {isa = PBXFileReference; lastKnownFileType = net.daringfireball.markdown; path = Answers.md; sourceTree = "<group>"; };
		DBF452352CEB4628007C64A7 /* DocumentTableViewController.swift */ = {isa = PBXFileReference; lastKnownFileType = sourcecode.swift; path = DocumentTableViewController.swift; sourceTree = "<group>"; };
		DBF452372CEB6DFC007C64A7 /* aston martin.jpg */ = {isa = PBXFileReference; lastKnownFileType = image.jpeg; path = "aston martin.jpg"; sourceTree = "<group>"; };
		DBF452382CEB6DFD007C64A7 /* porsche.jpg */ = {isa = PBXFileReference; lastKnownFileType = image.jpeg; path = porsche.jpg; sourceTree = "<group>"; };
		DBF452392CEB6DFE007C64A7 /* mustang.jpg */ = {isa = PBXFileReference; lastKnownFileType = image.jpeg; path = mustang.jpg; sourceTree = "<group>"; };
		DBF4523A2CEB6DFF007C64A7 /* supra.jpg */ = {isa = PBXFileReference; lastKnownFileType = image.jpeg; path = supra.jpg; sourceTree = "<group>"; };
		DBF452412CEB7090007C64A7 /* Ferrari.jpg */ = {isa = PBXFileReference; lastKnownFileType = image.jpeg; path = Ferrari.jpg; sourceTree = "<group>"; };
		DBF452432CEB7CB9007C64A7 /* DocumentViewController.swift */ = {isa = PBXFileReference; lastKnownFileType = sourcecode.swift; path = DocumentViewController.swift; sourceTree = "<group>"; };
/* End PBXFileReference section */

/* Begin PBXFrameworksBuildPhase section */
		DBF452182CEB317F007C64A7 /* Frameworks */ = {
			isa = PBXFrameworksBuildPhase;
			buildActionMask = 2147483647;
			files = (
			);
			runOnlyForDeploymentPostprocessing = 0;
		};
/* End PBXFrameworksBuildPhase section */

/* Begin PBXGroup section */
		DBF452122CEB317F007C64A7 = {
			isa = PBXGroup;
			children = (
				DBF4521D2CEB317F007C64A7 /* Document App */,
				DBF4521C2CEB317F007C64A7 /* Products */,
			);
			sourceTree = "<group>";
		};
		DBF4521C2CEB317F007C64A7 /* Products */ = {
			isa = PBXGroup;
			children = (
				DBF4521B2CEB317F007C64A7 /* Document App.app */,
			);
			name = Products;
			sourceTree = "<group>";
		};
		DBF4521D2CEB317F007C64A7 /* Document App */ = {
			isa = PBXGroup;
			children = (
				DBF4521E2CEB317F007C64A7 /* AppDelegate.swift */,
				DBF452202CEB317F007C64A7 /* SceneDelegate.swift */,
				DBF452222CEB317F007C64A7 /* ViewController.swift */,
				DBF452242CEB317F007C64A7 /* Main.storyboard */,
				DBF452352CEB4628007C64A7 /* DocumentTableViewController.swift */,
				DBF452272CEB3181007C64A7 /* Assets.xcassets */,
				DBF452292CEB3181007C64A7 /* LaunchScreen.storyboard */,
				DBF4522C2CEB3181007C64A7 /* Info.plist */,
				DBF452322CEB333A007C64A7 /* Answers.md */,
				DBF452432CEB7CB9007C64A7 /* DocumentViewController.swift */,
				DBF452392CEB6DFE007C64A7 /* mustang.jpg */,
				DBF4523A2CEB6DFF007C64A7 /* supra.jpg */,
				DBF452382CEB6DFD007C64A7 /* porsche.jpg */,
				DBF452372CEB6DFC007C64A7 /* aston martin.jpg */,
				DBF452412CEB7090007C64A7 /* Ferrari.jpg */,
			);
			path = "Document App";
			sourceTree = "<group>";
		};
/* End PBXGroup section */

/* Begin PBXNativeTarget section */
		DBF4521A2CEB317F007C64A7 /* Document App */ = {
			isa = PBXNativeTarget;
			buildConfigurationList = DBF4522F2CEB3181007C64A7 /* Build configuration list for PBXNativeTarget "Document App" */;
			buildPhases = (
				DBF452172CEB317F007C64A7 /* Sources */,
				DBF452182CEB317F007C64A7 /* Frameworks */,
				DBF452192CEB317F007C64A7 /* Resources */,
			);
			buildRules = (
			);
			dependencies = (
			);
			name = "Document App";
			productName = "Document App";
			productReference = DBF4521B2CEB317F007C64A7 /* Document App.app */;
			productType = "com.apple.product-type.application";
		};
/* End PBXNativeTarget section */

/* Begin PBXProject section */
		DBF452132CEB317F007C64A7 /* Project object */ = {
			isa = PBXProject;
			attributes = {
				BuildIndependentTargetsInParallel = 1;
				LastSwiftUpdateCheck = 1500;
				LastUpgradeCheck = 1500;
				TargetAttributes = {
					DBF4521A2CEB317F007C64A7 = {
						CreatedOnToolsVersion = 15.0.1;
					};
				};
			};
			buildConfigurationList = DBF452162CEB317F007C64A7 /* Build configuration list for PBXProject "Document App" */;
			compatibilityVersion = "Xcode 14.0";
			developmentRegion = en;
			hasScannedForEncodings = 0;
			knownRegions = (
				en,
				Base,
			);
			mainGroup = DBF452122CEB317F007C64A7;
			productRefGroup = DBF4521C2CEB317F007C64A7 /* Products */;
			projectDirPath = "";
			projectRoot = "";
			targets = (
				DBF4521A2CEB317F007C64A7 /* Document App */,
			);
		};
/* End PBXProject section */

/* Begin PBXResourcesBuildPhase section */
		DBF452192CEB317F007C64A7 /* Resources */ = {
			isa = PBXResourcesBuildPhase;
			buildActionMask = 2147483647;
			files = (
				DBF4522B2CEB3181007C64A7 /* LaunchScreen.storyboard in Resources */,
				DBF452282CEB3181007C64A7 /* Assets.xcassets in Resources */,
				DBF452262CEB317F007C64A7 /* Main.storyboard in Resources */,
				DBF4523E2CEB6DFF007C64A7 /* supra.jpg in Resources */,
				DBF452422CEB7090007C64A7 /* Ferrari.jpg in Resources */,
				DBF4523B2CEB6DFF007C64A7 /* aston martin.jpg in Resources */,
				DBF4523D2CEB6DFF007C64A7 /* mustang.jpg in Resources */,
				DBF4523C2CEB6DFF007C64A7 /* porsche.jpg in Resources */,
			);
			runOnlyForDeploymentPostprocessing = 0;
		};
/* End PBXResourcesBuildPhase section */

/* Begin PBXSourcesBuildPhase section */
		DBF452172CEB317F007C64A7 /* Sources */ = {
			isa = PBXSourcesBuildPhase;
			buildActionMask = 2147483647;
			files = (
				DBF452442CEB7CB9007C64A7 /* DocumentViewController.swift in Sources */,
				DBF452232CEB317F007C64A7 /* ViewController.swift in Sources */,
				DBF4521F2CEB317F007C64A7 /* AppDelegate.swift in Sources */,
				DBF452362CEB4628007C64A7 /* DocumentTableViewController.swift in Sources */,
				DBF452212CEB317F007C64A7 /* SceneDelegate.swift in Sources */,
			);
			runOnlyForDeploymentPostprocessing = 0;
		};
/* End PBXSourcesBuildPhase section */

/* Begin PBXVariantGroup section */
		DBF452242CEB317F007C64A7 /* Main.storyboard */ = {
			isa = PBXVariantGroup;
			children = (
				DBF452252CEB317F007C64A7 /* Base */,
			);
			name = Main.storyboard;
			sourceTree = "<group>";
		};
		DBF452292CEB3181007C64A7 /* LaunchScreen.storyboard */ = {
			isa = PBXVariantGroup;
			children = (
				DBF4522A2CEB3181007C64A7 /* Base */,
			);
			name = LaunchScreen.storyboard;
			sourceTree = "<group>";
		};
/* End PBXVariantGroup section */

/* Begin XCBuildConfiguration section */
		DBF4522D2CEB3181007C64A7 /* Debug */ = {
			isa = XCBuildConfiguration;
			buildSettings = {
				ALWAYS_SEARCH_USER_PATHS = NO;
				ASSETCATALOG_COMPILER_GENERATE_SWIFT_ASSET_SYMBOL_EXTENSIONS = YES;
				CLANG_ANALYZER_NONNULL = YES;
				CLANG_ANALYZER_NUMBER_OBJECT_CONVERSION = YES_AGGRESSIVE;
				CLANG_CXX_LANGUAGE_STANDARD = "gnu++20";
				CLANG_ENABLE_MODULES = YES;
				CLANG_ENABLE_OBJC_ARC = YES;
				CLANG_ENABLE_OBJC_WEAK = YES;
				CLANG_WARN_BLOCK_CAPTURE_AUTORELEASING = YES;
				CLANG_WARN_BOOL_CONVERSION = YES;
				CLANG_WARN_COMMA = YES;
				CLANG_WARN_CONSTANT_CONVERSION = YES;
				CLANG_WARN_DEPRECATED_OBJC_IMPLEMENTATIONS = YES;
				CLANG_WARN_DIRECT_OBJC_ISA_USAGE = YES_ERROR;
				CLANG_WARN_DOCUMENTATION_COMMENTS = YES;
				CLANG_WARN_EMPTY_BODY = YES;
				CLANG_WARN_ENUM_CONVERSION = YES;
				CLANG_WARN_INFINITE_RECURSION = YES;
				CLANG_WARN_INT_CONVERSION = YES;
				CLANG_WARN_NON_LITERAL_NULL_CONVERSION = YES;
				CLANG_WARN_OBJC_IMPLICIT_RETAIN_SELF = YES;
				CLANG_WARN_OBJC_LITERAL_CONVERSION = YES;
				CLANG_WARN_OBJC_ROOT_CLASS = YES_ERROR;
				CLANG_WARN_QUOTED_INCLUDE_IN_FRAMEWORK_HEADER = YES;
				CLANG_WARN_RANGE_LOOP_ANALYSIS = YES;
				CLANG_WARN_STRICT_PROTOTYPES = YES;
				CLANG_WARN_SUSPICIOUS_MOVE = YES;
				CLANG_WARN_UNGUARDED_AVAILABILITY = YES_AGGRESSIVE;
				CLANG_WARN_UNREACHABLE_CODE = YES;
				CLANG_WARN__DUPLICATE_METHOD_MATCH = YES;
				COPY_PHASE_STRIP = NO;
				DEBUG_INFORMATION_FORMAT = dwarf;
				ENABLE_STRICT_OBJC_MSGSEND = YES;
				ENABLE_TESTABILITY = YES;
				ENABLE_USER_SCRIPT_SANDBOXING = YES;
				GCC_C_LANGUAGE_STANDARD = gnu17;
				GCC_DYNAMIC_NO_PIC = NO;
				GCC_NO_COMMON_BLOCKS = YES;
				GCC_OPTIMIZATION_LEVEL = 0;
				GCC_PREPROCESSOR_DEFINITIONS = (
					"DEBUG=1",
					"$(inherited)",
				);
				GCC_WARN_64_TO_32_BIT_CONVERSION = YES;
				GCC_WARN_ABOUT_RETURN_TYPE = YES_ERROR;
				GCC_WARN_UNDECLARED_SELECTOR = YES;
				GCC_WARN_UNINITIALIZED_AUTOS = YES_AGGRESSIVE;
				GCC_WARN_UNUSED_FUNCTION = YES;
				GCC_WARN_UNUSED_VARIABLE = YES;
				IPHONEOS_DEPLOYMENT_TARGET = 17.0;
				LOCALIZATION_PREFERS_STRING_CATALOGS = YES;
				MTL_ENABLE_DEBUG_INFO = INCLUDE_SOURCE;
				MTL_FAST_MATH = YES;
				ONLY_ACTIVE_ARCH = YES;
				SDKROOT = iphoneos;
				SWIFT_ACTIVE_COMPILATION_CONDITIONS = "DEBUG $(inherited)";
				SWIFT_OPTIMIZATION_LEVEL = "-Onone";
			};
			name = Debug;
		};
		DBF4522E2CEB3181007C64A7 /* Release */ = {
			isa = XCBuildConfiguration;
			buildSettings = {
				ALWAYS_SEARCH_USER_PATHS = NO;
				ASSETCATALOG_COMPILER_GENERATE_SWIFT_ASSET_SYMBOL_EXTENSIONS = YES;
				CLANG_ANALYZER_NONNULL = YES;
				CLANG_ANALYZER_NUMBER_OBJECT_CONVERSION = YES_AGGRESSIVE;
				CLANG_CXX_LANGUAGE_STANDARD = "gnu++20";
				CLANG_ENABLE_MODULES = YES;
				CLANG_ENABLE_OBJC_ARC = YES;
				CLANG_ENABLE_OBJC_WEAK = YES;
				CLANG_WARN_BLOCK_CAPTURE_AUTORELEASING = YES;
				CLANG_WARN_BOOL_CONVERSION = YES;
				CLANG_WARN_COMMA = YES;
				CLANG_WARN_CONSTANT_CONVERSION = YES;
				CLANG_WARN_DEPRECATED_OBJC_IMPLEMENTATIONS = YES;
				CLANG_WARN_DIRECT_OBJC_ISA_USAGE = YES_ERROR;
				CLANG_WARN_DOCUMENTATION_COMMENTS = YES;
				CLANG_WARN_EMPTY_BODY = YES;
				CLANG_WARN_ENUM_CONVERSION = YES;
				CLANG_WARN_INFINITE_RECURSION = YES;
				CLANG_WARN_INT_CONVERSION = YES;
				CLANG_WARN_NON_LITERAL_NULL_CONVERSION = YES;
				CLANG_WARN_OBJC_IMPLICIT_RETAIN_SELF = YES;
				CLANG_WARN_OBJC_LITERAL_CONVERSION = YES;
				CLANG_WARN_OBJC_ROOT_CLASS = YES_ERROR;
				CLANG_WARN_QUOTED_INCLUDE_IN_FRAMEWORK_HEADER = YES;
				CLANG_WARN_RANGE_LOOP_ANALYSIS = YES;
				CLANG_WARN_STRICT_PROTOTYPES = YES;
				CLANG_WARN_SUSPICIOUS_MOVE = YES;
				CLANG_WARN_UNGUARDED_AVAILABILITY = YES_AGGRESSIVE;
				CLANG_WARN_UNREACHABLE_CODE = YES;
				CLANG_WARN__DUPLICATE_METHOD_MATCH = YES;
				COPY_PHASE_STRIP = NO;
				DEBUG_INFORMATION_FORMAT = "dwarf-with-dsym";
				ENABLE_NS_ASSERTIONS = NO;
				ENABLE_STRICT_OBJC_MSGSEND = YES;
				ENABLE_USER_SCRIPT_SANDBOXING = YES;
				GCC_C_LANGUAGE_STANDARD = gnu17;
				GCC_NO_COMMON_BLOCKS = YES;
				GCC_WARN_64_TO_32_BIT_CONVERSION = YES;
				GCC_WARN_ABOUT_RETURN_TYPE = YES_ERROR;
				GCC_WARN_UNDECLARED_SELECTOR = YES;
				GCC_WARN_UNINITIALIZED_AUTOS = YES_AGGRESSIVE;
				GCC_WARN_UNUSED_FUNCTION = YES;
				GCC_WARN_UNUSED_VARIABLE = YES;
				IPHONEOS_DEPLOYMENT_TARGET = 17.0;
				LOCALIZATION_PREFERS_STRING_CATALOGS = YES;
				MTL_ENABLE_DEBUG_INFO = NO;
				MTL_FAST_MATH = YES;
				SDKROOT = iphoneos;
				SWIFT_COMPILATION_MODE = wholemodule;
				VALIDATE_PRODUCT = YES;
			};
			name = Release;
		};
		DBF452302CEB3181007C64A7 /* Debug */ = {
			isa = XCBuildConfiguration;
			buildSettings = {
				ASSETCATALOG_COMPILER_APPICON_NAME = AppIcon;
				ASSETCATALOG_COMPILER_GLOBAL_ACCENT_COLOR_NAME = AccentColor;
				CODE_SIGN_STYLE = Automatic;
				CURRENT_PROJECT_VERSION = 1;
				GENERATE_INFOPLIST_FILE = YES;
				INFOPLIST_FILE = "Document App/Info.plist";
				INFOPLIST_KEY_UIApplicationSupportsIndirectInputEvents = YES;
				INFOPLIST_KEY_UILaunchStoryboardName = LaunchScreen;
				INFOPLIST_KEY_UIMainStoryboardFile = Main;
				INFOPLIST_KEY_UISupportedInterfaceOrientations_iPad = "UIInterfaceOrientationPortrait UIInterfaceOrientationPortraitUpsideDown UIInterfaceOrientationLandscapeLeft UIInterfaceOrientationLandscapeRight";
				INFOPLIST_KEY_UISupportedInterfaceOrientations_iPhone = "UIInterfaceOrientationPortrait UIInterfaceOrientationLandscapeLeft UIInterfaceOrientationLandscapeRight";
				LD_RUNPATH_SEARCH_PATHS = (
					"$(inherited)",
					"@executable_path/Frameworks",
				);
				MARKETING_VERSION = 1.0;
				PRODUCT_BUNDLE_IDENTIFIER = "purdyj.Document-App";
				PRODUCT_NAME = "$(TARGET_NAME)";
				SWIFT_EMIT_LOC_STRINGS = YES;
				SWIFT_VERSION = 5.0;
				TARGETED_DEVICE_FAMILY = "1,2";
			};
			name = Debug;
		};
		DBF452312CEB3181007C64A7 /* Release */ = {
			isa = XCBuildConfiguration;
			buildSettings = {
				ASSETCATALOG_COMPILER_APPICON_NAME = AppIcon;
				ASSETCATALOG_COMPILER_GLOBAL_ACCENT_COLOR_NAME = AccentColor;
				CODE_SIGN_STYLE = Automatic;
				CURRENT_PROJECT_VERSION = 1;
				GENERATE_INFOPLIST_FILE = YES;
				INFOPLIST_FILE = "Document App/Info.plist";
				INFOPLIST_KEY_UIApplicationSupportsIndirectInputEvents = YES;
				INFOPLIST_KEY_UILaunchStoryboardName = LaunchScreen;
				INFOPLIST_KEY_UIMainStoryboardFile = Main;
				INFOPLIST_KEY_UISupportedInterfaceOrientations_iPad = "UIInterfaceOrientationPortrait UIInterfaceOrientationPortraitUpsideDown UIInterfaceOrientationLandscapeLeft UIInterfaceOrientationLandscapeRight";
				INFOPLIST_KEY_UISupportedInterfaceOrientations_iPhone = "UIInterfaceOrientationPortrait UIInterfaceOrientationLandscapeLeft UIInterfaceOrientationLandscapeRight";
				LD_RUNPATH_SEARCH_PATHS = (
					"$(inherited)",
					"@executable_path/Frameworks",
				);
				MARKETING_VERSION = 1.0;
				PRODUCT_BUNDLE_IDENTIFIER = "purdyj.Document-App";
				PRODUCT_NAME = "$(TARGET_NAME)";
				SWIFT_EMIT_LOC_STRINGS = YES;
				SWIFT_VERSION = 5.0;
				TARGETED_DEVICE_FAMILY = "1,2";
			};
			name = Release;
		};
/* End XCBuildConfiguration section */

/* Begin XCConfigurationList section */
		DBF452162CEB317F007C64A7 /* Build configuration list for PBXProject "Document App" */ = {
			isa = XCConfigurationList;
			buildConfigurations = (
				DBF4522D2CEB3181007C64A7 /* Debug */,
				DBF4522E2CEB3181007C64A7 /* Release */,
			);
			defaultConfigurationIsVisible = 0;
			defaultConfigurationName = Release;
		};
		DBF4522F2CEB3181007C64A7 /* Build configuration list for PBXNativeTarget "Document App" */ = {
			isa = XCConfigurationList;
			buildConfigurations = (
				DBF452302CEB3181007C64A7 /* Debug */,
				DBF452312CEB3181007C64A7 /* Release */,
			);
			defaultConfigurationIsVisible = 0;
			defaultConfigurationName = Release;
		};
/* End XCConfigurationList section */
	};
	rootObject = DBF452132CEB317F007C64A7 /* Project object */;
}
